
Microsoft Visual Studio Solution File, Format Version 12.00
# Visual Studio Version 17
VisualStudioVersion = 17.1.32414.318
MinimumVisualStudioVersion = 10.0.40219.1
Project("{FAE04EC0-301F-11D3-BF4B-00C04F79EFBC}") = "MeetEnumerableAndEnumerator", "MeetEnumerableAndEnumerator\MeetEnumerableAndEnumerator.csproj", "{4E920513-F681-42EC-9344-07004FA2409D}"
EndProject
Global
	GlobalSection(SolutionConfigurationPlatforms) = preSolution
		Debug|Any CPU = Debug|Any CPU
		Release|Any CPU = Release|Any CPU
	EndGlobalSection
	GlobalSection(ProjectConfigurationPlatforms) = postSolution
		{4E920513-F681-42EC-9344-07004FA2409D}.Debug|Any CPU.ActiveCfg = Debug|Any CPU
		{4E920513-F681-42EC-9344-07004FA2409D}.Debug|Any CPU.Build.0 = Debug|Any CPU
		{4E920513-F681-42EC-9344-07004FA2409D}.Release|Any CPU.ActiveCfg = Release|Any CPU
		{4E920513-F681-42EC-9344-07004FA2409D}.Release|Any CPU.Build.0 = Release|Any CPU
	EndGlobalSection
	GlobalSection(SolutionProperties) = preSolution
		HideSolutionNode = FALSE
	EndGlobalSection
	GlobalSection(ExtensibilityGlobals) = postSolution
		SolutionGuid = {3645AAE5-B5E1-4F63-A99C-01AA888BFAC5}
	EndGlobalSection
EndGlobal
